
Microsoft Visual Studio Solution File, Format Version 12.00
# Visual Studio 2012
Project("{FAE04EC0-301F-11D3-BF4B-00C04F79EFBC}") = "20180221_InterfacesDemo", "20180221_InterfacesDemo.csproj", "{88C4C7A7-6D20-45DF-B2E9-5545CD86BBFD}"
EndProject
Global
	GlobalSection(SolutionConfigurationPlatforms) = preSolution
		Debug|Any CPU = Debug|Any CPU
		Release|Any CPU = Release|Any CPU
	EndGlobalSection
	GlobalSection(ProjectConfigurationPlatforms) = postSolution
		{88C4C7A7-6D20-45DF-B2E9-5545CD86BBFD}.Debug|Any CPU.ActiveCfg = Debug|Any CPU
		{88C4C7A7-6D20-45DF-B2E9-5545CD86BBFD}.Debug|Any CPU.Build.0 = Debug|Any CPU
		{88C4C7A7-6D20-45DF-B2E9-5545CD86BBFD}.Release|Any CPU.ActiveCfg = Release|Any CPU
		{88C4C7A7-6D20-45DF-B2E9-5545CD86BBFD}.Release|Any CPU.Build.0 = Release|Any CPU
	EndGlobalSection
	GlobalSection(SolutionProperties) = preSolution
		HideSolutionNode = FALSE
	EndGlobalSection
EndGlobal
