
Microsoft Visual Studio Solution File, Format Version 12.00
# Visual Studio 2012
Project("{FAE04EC0-301F-11D3-BF4B-00C04F79EFBC}") = "20180228_InterfPart2Demo", "20180228_InterfPart2Demo.csproj", "{3796082E-6B48-4DF5-B910-86A62E42DFDF}"
EndProject
Global
	GlobalSection(SolutionConfigurationPlatforms) = preSolution
		Debug|Any CPU = Debug|Any CPU
		Release|Any CPU = Release|Any CPU
	EndGlobalSection
	GlobalSection(ProjectConfigurationPlatforms) = postSolution
		{3796082E-6B48-4DF5-B910-86A62E42DFDF}.Debug|Any CPU.ActiveCfg = Debug|Any CPU
		{3796082E-6B48-4DF5-B910-86A62E42DFDF}.Debug|Any CPU.Build.0 = Debug|Any CPU
		{3796082E-6B48-4DF5-B910-86A62E42DFDF}.Release|Any CPU.ActiveCfg = Release|Any CPU
		{3796082E-6B48-4DF5-B910-86A62E42DFDF}.Release|Any CPU.Build.0 = Release|Any CPU
	EndGlobalSection
	GlobalSection(SolutionProperties) = preSolution
		HideSolutionNode = FALSE
	EndGlobalSection
EndGlobal
