
Microsoft Visual Studio Solution File, Format Version 12.00
# Visual Studio 2012
Project("{FAE04EC0-301F-11D3-BF4B-00C04F79EFBC}") = "20180307_OpOverloadingDemo", "20180307_OpOverloadingDemo.csproj", "{0393BF3D-E9DA-4AE9-9EB9-BA8E3DEBEB3B}"
EndProject
Global
	GlobalSection(SolutionConfigurationPlatforms) = preSolution
		Debug|Any CPU = Debug|Any CPU
		Release|Any CPU = Release|Any CPU
	EndGlobalSection
	GlobalSection(ProjectConfigurationPlatforms) = postSolution
		{0393BF3D-E9DA-4AE9-9EB9-BA8E3DEBEB3B}.Debug|Any CPU.ActiveCfg = Debug|Any CPU
		{0393BF3D-E9DA-4AE9-9EB9-BA8E3DEBEB3B}.Debug|Any CPU.Build.0 = Debug|Any CPU
		{0393BF3D-E9DA-4AE9-9EB9-BA8E3DEBEB3B}.Release|Any CPU.ActiveCfg = Release|Any CPU
		{0393BF3D-E9DA-4AE9-9EB9-BA8E3DEBEB3B}.Release|Any CPU.Build.0 = Release|Any CPU
	EndGlobalSection
	GlobalSection(SolutionProperties) = preSolution
		HideSolutionNode = FALSE
	EndGlobalSection
EndGlobal
